<Solution>
  <Project Path="host/src/SayHello.ShortLink.WebHost.Application.Contracts/SayHello.ShortLink.WebHost.Application.Contracts.csproj" />
  <Project Path="host/src/SayHello.ShortLink.WebHost.Application/SayHello.ShortLink.WebHost.Application.csproj" />
  <Project Path="host/src/SayHello.ShortLink.WebHost.DbMigrator/SayHello.ShortLink.WebHost.DbMigrator.csproj" />
  <Project Path="host/src/SayHello.ShortLink.WebHost.Domain.Shared/SayHello.ShortLink.WebHost.Domain.Shared.csproj" />
  <Project Path="host/src/SayHello.ShortLink.WebHost.Domain/SayHello.ShortLink.WebHost.Domain.csproj" />
  <Project Path="host/src/SayHello.ShortLink.WebHost.EntityFrameworkCore/SayHello.ShortLink.WebHost.EntityFrameworkCore.csproj" />
  <Project Path="host/src/SayHello.ShortLink.WebHost.HttpApi.Client/SayHello.ShortLink.WebHost.HttpApi.Client.csproj" />
  <Project Path="host/src/SayHello.ShortLink.WebHost.HttpApi/SayHello.ShortLink.WebHost.HttpApi.csproj" />
  <Project Path="host/src/SayHello.ShortLink.WebHost.Web/SayHello.ShortLink.WebHost.Web.csproj" />
  <Project Path="host/test/SayHello.ShortLink.WebHost.Application.Tests/SayHello.ShortLink.WebHost.Application.Tests.csproj" />
  <Project Path="host/test/SayHello.ShortLink.WebHost.Domain.Tests/SayHello.ShortLink.WebHost.Domain.Tests.csproj" />
  <Project Path="host/test/SayHello.ShortLink.WebHost.EntityFrameworkCore.Tests/SayHello.ShortLink.WebHost.EntityFrameworkCore.Tests.csproj" />
  <Project Path="host/test/SayHello.ShortLink.WebHost.TestBase/SayHello.ShortLink.WebHost.TestBase.csproj" />
  <Project Path="host/test/SayHello.ShortLink.WebHost.Web.Tests/SayHello.ShortLink.WebHost.Web.Tests.csproj" />
  <Project Path="modules/SayHello.ShortLink/src/SayHello.ShortLink.Admin.Application.Contracts/SayHello.ShortLink.Admin.Application.Contracts.csproj" />
  <Project Path="modules/SayHello.ShortLink/src/SayHello.ShortLink.Admin.Application/SayHello.ShortLink.Admin.Application.csproj" />
  <Project Path="modules/SayHello.ShortLink/src/SayHello.ShortLink.Admin.HttpApi.Client/SayHello.ShortLink.Admin.HttpApi.Client.csproj" />
  <Project Path="modules/SayHello.ShortLink/src/SayHello.ShortLink.Admin.HttpApi/SayHello.ShortLink.Admin.HttpApi.csproj" />
  <Project Path="modules/SayHello.ShortLink/src/SayHello.ShortLink.Admin.Web/SayHello.ShortLink.Admin.Web.csproj" />
  <Project Path="modules/SayHello.ShortLink/src/SayHello.ShortLink.Application.Contracts/SayHello.ShortLink.Application.Contracts.csproj" />
  <Project Path="modules/SayHello.ShortLink/src/SayHello.ShortLink.Application/SayHello.ShortLink.Application.csproj" />
  <Project Path="modules/SayHello.ShortLink/src/SayHello.ShortLink.Common.Application.Contracts/SayHello.ShortLink.Common.Application.Contracts.csproj" />
  <Project Path="modules/SayHello.ShortLink/src/SayHello.ShortLink.Common.Application/SayHello.ShortLink.Common.Application.csproj" />
  <Project Path="modules/SayHello.ShortLink/src/SayHello.ShortLink.Domain.Shared/SayHello.ShortLink.Domain.Shared.csproj" />
  <Project Path="modules/SayHello.ShortLink/src/SayHello.ShortLink.Domain/SayHello.ShortLink.Domain.csproj" />
  <Project Path="modules/SayHello.ShortLink/src/SayHello.ShortLink.EntityFrameworkCore/SayHello.ShortLink.EntityFrameworkCore.csproj" />
  <Project Path="modules/SayHello.ShortLink/src/SayHello.ShortLink.HttpApi.Client/SayHello.ShortLink.HttpApi.Client.csproj" />
  <Project Path="modules/SayHello.ShortLink/src/SayHello.ShortLink.HttpApi/SayHello.ShortLink.HttpApi.csproj" />
  <Project Path="modules/SayHello.ShortLink/src/SayHello.ShortLink.Public.Application.Contracts/SayHello.ShortLink.Public.Application.Contracts.csproj" />
  <Project Path="modules/SayHello.ShortLink/src/SayHello.ShortLink.Public.Application/SayHello.ShortLink.Public.Application.csproj" />
  <Project Path="modules/SayHello.ShortLink/src/SayHello.ShortLink.Public.HttpApi.Client/SayHello.ShortLink.Public.HttpApi.Client.csproj" />
  <Project Path="modules/SayHello.ShortLink/src/SayHello.ShortLink.Public.HttpApi/SayHello.ShortLink.Public.HttpApi.csproj" />
  <Project Path="modules/SayHello.ShortLink/src/SayHello.ShortLink.Public.Web/SayHello.ShortLink.Public.Web.csproj" />
  <Project Path="modules/SayHello.ShortLink/src/SayHello.ShortLink.Web/SayHello.ShortLink.Web.csproj" />
  <Project Path="modules/SayHello.ShortLink/test/SayHello.ShortLink.Application.Tests/SayHello.ShortLink.Application.Tests.csproj" />
  <Project Path="modules/SayHello.ShortLink/test/SayHello.ShortLink.Domain.Tests/SayHello.ShortLink.Domain.Tests.csproj" />
  <Project Path="modules/SayHello.ShortLink/test/SayHello.ShortLink.EntityFrameworkCore.Tests/SayHello.ShortLink.EntityFrameworkCore.Tests.csproj" />
  <Project Path="modules/SayHello.ShortLink/test/SayHello.ShortLink.TestBase/SayHello.ShortLink.TestBase.csproj" />
</Solution>
